
Microsoft Visual Studio Solution File, Format Version 12.00
# Visual Studio Version 18
VisualStudioVersion = 18.3.11218.70 d18.3
MinimumVisualStudioVersion = 10.0.40219.1
Project("{888888A0-9F3D-457C-B088-3A5042F75D52}") = "RSNA_Items_Detection_Classification", "RSNA_Items_Detection_Classification.pyproj", "{0963F959-8E06-4B38-BD80-E09408281960}"
EndProject
Global
	GlobalSection(SolutionConfigurationPlatforms) = preSolution
		Debug|Any CPU = Debug|Any CPU
		Release|Any CPU = Release|Any CPU
	EndGlobalSection
	GlobalSection(ProjectConfigurationPlatforms) = postSolution
		{0963F959-8E06-4B38-BD80-E09408281960}.Debug|Any CPU.ActiveCfg = Debug|Any CPU
		{0963F959-8E06-4B38-BD80-E09408281960}.Release|Any CPU.ActiveCfg = Release|Any CPU
	EndGlobalSection
	GlobalSection(SolutionProperties) = preSolution
		HideSolutionNode = FALSE
	EndGlobalSection
	GlobalSection(ExtensibilityGlobals) = postSolution
		SolutionGuid = {FB67D07A-A2CD-49F5-9968-C32FFE6B3925}
	EndGlobalSection
EndGlobal
