
Microsoft Visual Studio Solution File, Format Version 12.00
# Visual Studio Version 17
VisualStudioVersion = 17.14.36603.0 d17.14
MinimumVisualStudioVersion = 10.0.40219.1
Project("{888888A0-9F3D-457C-B088-3A5042F75D52}") = "RSNA_Items_Detection_Classification", "RSNA_Items_Detection_Classification.pyproj", "{D9C29995-F9C0-4404-9807-3D26F3C2FD51}"
EndProject
Global
	GlobalSection(SolutionConfigurationPlatforms) = preSolution
		Debug|Any CPU = Debug|Any CPU
		Release|Any CPU = Release|Any CPU
	EndGlobalSection
	GlobalSection(ProjectConfigurationPlatforms) = postSolution
		{D9C29995-F9C0-4404-9807-3D26F3C2FD51}.Debug|Any CPU.ActiveCfg = Debug|Any CPU
		{D9C29995-F9C0-4404-9807-3D26F3C2FD51}.Release|Any CPU.ActiveCfg = Release|Any CPU
	EndGlobalSection
	GlobalSection(SolutionProperties) = preSolution
		HideSolutionNode = FALSE
	EndGlobalSection
	GlobalSection(ExtensibilityGlobals) = postSolution
		SolutionGuid = {F73486ED-AF5D-4662-B9D6-C7CA99B9D7AC}
	EndGlobalSection
EndGlobal
